
Microsoft Visual Studio Solution File, Format Version 12.00
# Visual Studio Version 16
VisualStudioVersion = 16.0.30907.101
MinimumVisualStudioVersion = 10.0.40219.1
Project("{FAE04EC0-301F-11D3-BF4B-00C04F79EFBC}") = "PryUserSaucedoLESP", "PryUserSaucedoLESP\PryUserSaucedoLESP.csproj", "{5198BEA1-B9B2-45FF-A3FC-0C82DBB1C155}"
EndProject
Global
	GlobalSection(SolutionConfigurationPlatforms) = preSolution
		Debug|Any CPU = Debug|Any CPU
		Release|Any CPU = Release|Any CPU
	EndGlobalSection
	GlobalSection(ProjectConfigurationPlatforms) = postSolution
		{5198BEA1-B9B2-45FF-A3FC-0C82DBB1C155}.Debug|Any CPU.ActiveCfg = Debug|Any CPU
		{5198BEA1-B9B2-45FF-A3FC-0C82DBB1C155}.Debug|Any CPU.Build.0 = Debug|Any CPU
		{5198BEA1-B9B2-45FF-A3FC-0C82DBB1C155}.Release|Any CPU.ActiveCfg = Release|Any CPU
		{5198BEA1-B9B2-45FF-A3FC-0C82DBB1C155}.Release|Any CPU.Build.0 = Release|Any CPU
	EndGlobalSection
	GlobalSection(SolutionProperties) = preSolution
		HideSolutionNode = FALSE
	EndGlobalSection
	GlobalSection(ExtensibilityGlobals) = postSolution
		SolutionGuid = {B9BA0B6D-E172-496F-A224-B4A2382EB1BA}
	EndGlobalSection
EndGlobal
